
Microsoft Visual Studio Solution File, Format Version 12.00
# Visual Studio 14
VisualStudioVersion = 14.0.23107.0
MinimumVisualStudioVersion = 10.0.40219.1
Project("{FAE04EC0-301F-11D3-BF4B-00C04F79EFBC}") = "P99", "P99\P99.csproj", "{2FB8867E-9C9D-443A-A8DE-9DF190DD000C}"
EndProject
Project("{FAE04EC0-301F-11D3-BF4B-00C04F79EFBC}") = "P92", "P92\P92.csproj", "{48C9FAFF-BF8B-48FA-8281-62B40AA99516}"
EndProject
Project("{2150E333-8FDC-42A3-9474-1A3956D46DE8}") = ".nuget", ".nuget", "{C044ED91-079C-4E30-B9A6-477C0CE722F1}"
	ProjectSection(SolutionItems) = preProject
		.nuget\NuGet.Config = .nuget\NuGet.Config
	EndProjectSection
EndProject
Project("{FAE04EC0-301F-11D3-BF4B-00C04F79EFBC}") = "P53", "P53\P53.csproj", "{2939BDB4-D7CD-4A08-8C4B-1E8FA8ADEA4A}"
EndProject
Project("{FAE04EC0-301F-11D3-BF4B-00C04F79EFBC}") = "Common", "Common\Common.csproj", "{AFB5545C-5624-4CFD-928E-CD50E654FE4D}"
EndProject
Project("{FAE04EC0-301F-11D3-BF4B-00C04F79EFBC}") = "P54", "P54\P54.csproj", "{24D04101-76FD-48F5-93E1-8F17AFF23882}"
EndProject
Project("{FAE04EC0-301F-11D3-BF4B-00C04F79EFBC}") = "P55", "P55\P55.csproj", "{BDD28673-2120-492A-AACB-A0927782B48C}"
EndProject
Project("{FAE04EC0-301F-11D3-BF4B-00C04F79EFBC}") = "P56", "P56\P56.csproj", "{1D5D92EC-F32A-4814-9DAC-323CEFC78135}"
EndProject
Project("{FAE04EC0-301F-11D3-BF4B-00C04F79EFBC}") = "P57", "P57\P57.csproj", "{7B8CD17B-61A7-4847-B9DA-0F41304ADE0B}"
EndProject
Project("{FAE04EC0-301F-11D3-BF4B-00C04F79EFBC}") = "P58", "P58\P58.csproj", "{FF4502EE-0CC3-4483-94DB-88CCFAB54ACC}"
EndProject
Project("{FAE04EC0-301F-11D3-BF4B-00C04F79EFBC}") = "Memorytest", "Memorytest\Memorytest.csproj", "{FAF0155C-4794-45B3-93D5-5565DDAAF054}"
EndProject
Project("{FAE04EC0-301F-11D3-BF4B-00C04F79EFBC}") = "P60", "P60\P60.csproj", "{467FD346-9D54-45B4-92C0-BFCE0A1D8701}"
EndProject
Project("{FAE04EC0-301F-11D3-BF4B-00C04F79EFBC}") = "Common.Tests", "Common.Tests\Common.Tests.csproj", "{1CA27193-1F17-4660-AE34-8BC566328CCE}"
EndProject
Project("{FAE04EC0-301F-11D3-BF4B-00C04F79EFBC}") = "P61", "P61\P61.csproj", "{A4496565-29BB-47E3-9F70-789281E12AF7}"
EndProject
Project("{FAE04EC0-301F-11D3-BF4B-00C04F79EFBC}") = "P63", "P63\P63.csproj", "{C1BE7A48-01C5-4B0C-8F43-4ECCCD82693B}"
EndProject
Project("{FAE04EC0-301F-11D3-BF4B-00C04F79EFBC}") = "P64", "P64\P64.csproj", "{7CA2F79F-15BF-47C2-9B1C-669129D9C8C1}"
EndProject
Project("{FAE04EC0-301F-11D3-BF4B-00C04F79EFBC}") = "P65", "P65\P65.csproj", "{F21E333B-3366-47FE-94AB-7DFA339A29DC}"
EndProject
Project("{FAE04EC0-301F-11D3-BF4B-00C04F79EFBC}") = "P23", "P23\P23.csproj", "{93D80FF7-09F2-4B69-B9BC-DE3721AD3888}"
EndProject
Project("{FAE04EC0-301F-11D3-BF4B-00C04F79EFBC}") = "P26", "P26\P26.csproj", "{AB6870DE-04E6-404A-AD97-768469E842CB}"
EndProject
Project("{FAE04EC0-301F-11D3-BF4B-00C04F79EFBC}") = "P27", "P27\P27.csproj", "{23958AA0-BCB5-4BB2-AB9A-BA98637ACDA3}"
EndProject
Project("{FAE04EC0-301F-11D3-BF4B-00C04F79EFBC}") = "P32", "P32\P32.csproj", "{17F64277-3B25-4D75-AB8D-C7191C2B5F9F}"
EndProject
Project("{FAE04EC0-301F-11D3-BF4B-00C04F79EFBC}") = "P33", "P33\P33.csproj", "{23972EA2-0E71-4467-9B7B-DC756CEB2E19}"
EndProject
Project("{FAE04EC0-301F-11D3-BF4B-00C04F79EFBC}") = "P35", "P35\P35.csproj", "{0184295D-E828-4D07-A51E-524FD1ABAEB0}"
EndProject
Project("{FAE04EC0-301F-11D3-BF4B-00C04F79EFBC}") = "P38", "P38\P38.csproj", "{D05E1668-301A-47AB-ACB8-1AD78D0D5283}"
EndProject
Project("{FAE04EC0-301F-11D3-BF4B-00C04F79EFBC}") = "P39", "P39\P39.csproj", "{D6713E54-5DCB-4865-B460-05FCC1114A3A}"
EndProject
Project("{FAE04EC0-301F-11D3-BF4B-00C04F79EFBC}") = "P41", "P41\P41.csproj", "{09CA582B-9EB5-4C8D-8BA6-E8A82CFA325E}"
EndProject
Project("{FAE04EC0-301F-11D3-BF4B-00C04F79EFBC}") = "P42", "P42\P42.csproj", "{C242D59E-99D8-462D-8C73-B0786DD0E9F8}"
EndProject
Project("{FAE04EC0-301F-11D3-BF4B-00C04F79EFBC}") = "P43", "P43\P43.csproj", "{3ADAA8BD-67BC-4298-B85F-ACC3AB08B459}"
EndProject
Project("{FAE04EC0-301F-11D3-BF4B-00C04F79EFBC}") = "P44", "P44\P44.csproj", "{6A7CA0D9-512E-470E-987E-8D97BB71F6D0}"
EndProject
Project("{FAE04EC0-301F-11D3-BF4B-00C04F79EFBC}") = "P46", "P46\P46.csproj", "{D5BF84E8-04F6-49EF-B78E-55BEB6FBB40C}"
EndProject
Project("{FAE04EC0-301F-11D3-BF4B-00C04F79EFBC}") = "P47", "P47\P47.csproj", "{B6397DBC-FFF3-4FE2-92F7-435767484B81}"
EndProject
Project("{FAE04EC0-301F-11D3-BF4B-00C04F79EFBC}") = "P49", "P49\P49.csproj", "{36047A1F-0C1C-497F-90D3-D5F0C220CF37}"
EndProject
Project("{FAE04EC0-301F-11D3-BF4B-00C04F79EFBC}") = "P50", "P50\P50.csproj", "{8C5DE667-DC8F-46F6-B682-5A6725BC3B18}"
EndProject
Project("{FAE04EC0-301F-11D3-BF4B-00C04F79EFBC}") = "P19", "P19\P19.csproj", "{7015CD5F-FBD4-495C-B469-47B95C1984B4}"
EndProject
Project("{888888A0-9F3D-457C-B088-3A5042F75D52}") = "Python", "Python\Python.pyproj", "{E3849064-6D8C-4EF3-953A-978170878E96}"
EndProject
Project("{8BC9CEB8-8B4A-11D0-8D11-00A0C91BC942}") = "CPP", "CPP\CPP.vcxproj", "{2213AC27-C2EC-4A9F-8999-17E78A2311FC}"
EndProject
Project("{FAE04EC0-301F-11D3-BF4B-00C04F79EFBC}") = "Shared", "Shared\Shared.csproj", "{753D53DB-BB67-47FD-B619-C533C0668116}"
EndProject
Global
	GlobalSection(SolutionConfigurationPlatforms) = preSolution
		Debug|Any CPU = Debug|Any CPU
		Debug|Mixed Platforms = Debug|Mixed Platforms
		Debug|Win32 = Debug|Win32
		Release|Any CPU = Release|Any CPU
		Release|Mixed Platforms = Release|Mixed Platforms
		Release|Win32 = Release|Win32
	EndGlobalSection
	GlobalSection(ProjectConfigurationPlatforms) = postSolution
		{2FB8867E-9C9D-443A-A8DE-9DF190DD000C}.Debug|Any CPU.ActiveCfg = Debug|Any CPU
		{2FB8867E-9C9D-443A-A8DE-9DF190DD000C}.Debug|Any CPU.Build.0 = Debug|Any CPU
		{2FB8867E-9C9D-443A-A8DE-9DF190DD000C}.Debug|Mixed Platforms.ActiveCfg = Debug|Any CPU
		{2FB8867E-9C9D-443A-A8DE-9DF190DD000C}.Debug|Win32.ActiveCfg = Debug|Any CPU
		{2FB8867E-9C9D-443A-A8DE-9DF190DD000C}.Release|Any CPU.ActiveCfg = Release|Any CPU
		{2FB8867E-9C9D-443A-A8DE-9DF190DD000C}.Release|Any CPU.Build.0 = Release|Any CPU
		{2FB8867E-9C9D-443A-A8DE-9DF190DD000C}.Release|Mixed Platforms.ActiveCfg = Release|Any CPU
		{2FB8867E-9C9D-443A-A8DE-9DF190DD000C}.Release|Win32.ActiveCfg = Release|Any CPU
		{48C9FAFF-BF8B-48FA-8281-62B40AA99516}.Debug|Any CPU.ActiveCfg = Debug|Any CPU
		{48C9FAFF-BF8B-48FA-8281-62B40AA99516}.Debug|Any CPU.Build.0 = Debug|Any CPU
		{48C9FAFF-BF8B-48FA-8281-62B40AA99516}.Debug|Mixed Platforms.ActiveCfg = Debug|Any CPU
		{48C9FAFF-BF8B-48FA-8281-62B40AA99516}.Debug|Win32.ActiveCfg = Debug|Any CPU
		{48C9FAFF-BF8B-48FA-8281-62B40AA99516}.Release|Any CPU.ActiveCfg = Release|Any CPU
		{48C9FAFF-BF8B-48FA-8281-62B40AA99516}.Release|Any CPU.Build.0 = Release|Any CPU
		{48C9FAFF-BF8B-48FA-8281-62B40AA99516}.Release|Mixed Platforms.ActiveCfg = Release|Any CPU
		{48C9FAFF-BF8B-48FA-8281-62B40AA99516}.Release|Win32.ActiveCfg = Release|Any CPU
		{2939BDB4-D7CD-4A08-8C4B-1E8FA8ADEA4A}.Debug|Any CPU.ActiveCfg = Debug|Any CPU
		{2939BDB4-D7CD-4A08-8C4B-1E8FA8ADEA4A}.Debug|Any CPU.Build.0 = Debug|Any CPU
		{2939BDB4-D7CD-4A08-8C4B-1E8FA8ADEA4A}.Debug|Mixed Platforms.ActiveCfg = Debug|Any CPU
		{2939BDB4-D7CD-4A08-8C4B-1E8FA8ADEA4A}.Debug|Win32.ActiveCfg = Debug|Any CPU
		{2939BDB4-D7CD-4A08-8C4B-1E8FA8ADEA4A}.Release|Any CPU.ActiveCfg = Release|Any CPU
		{2939BDB4-D7CD-4A08-8C4B-1E8FA8ADEA4A}.Release|Any CPU.Build.0 = Release|Any CPU
		{2939BDB4-D7CD-4A08-8C4B-1E8FA8ADEA4A}.Release|Mixed Platforms.ActiveCfg = Release|Any CPU
		{2939BDB4-D7CD-4A08-8C4B-1E8FA8ADEA4A}.Release|Win32.ActiveCfg = Release|Any CPU
		{AFB5545C-5624-4CFD-928E-CD50E654FE4D}.Debug|Any CPU.ActiveCfg = Debug|Any CPU
		{AFB5545C-5624-4CFD-928E-CD50E654FE4D}.Debug|Any CPU.Build.0 = Debug|Any CPU
		{AFB5545C-5624-4CFD-928E-CD50E654FE4D}.Debug|Mixed Platforms.ActiveCfg = Debug|Any CPU
		{AFB5545C-5624-4CFD-928E-CD50E654FE4D}.Debug|Win32.ActiveCfg = Debug|Any CPU
		{AFB5545C-5624-4CFD-928E-CD50E654FE4D}.Release|Any CPU.ActiveCfg = Release|Any CPU
		{AFB5545C-5624-4CFD-928E-CD50E654FE4D}.Release|Any CPU.Build.0 = Release|Any CPU
		{AFB5545C-5624-4CFD-928E-CD50E654FE4D}.Release|Mixed Platforms.ActiveCfg = Release|Any CPU
		{AFB5545C-5624-4CFD-928E-CD50E654FE4D}.Release|Win32.ActiveCfg = Release|Any CPU
		{24D04101-76FD-48F5-93E1-8F17AFF23882}.Debug|Any CPU.ActiveCfg = Debug|Any CPU
		{24D04101-76FD-48F5-93E1-8F17AFF23882}.Debug|Any CPU.Build.0 = Debug|Any CPU
		{24D04101-76FD-48F5-93E1-8F17AFF23882}.Debug|Mixed Platforms.ActiveCfg = Debug|Any CPU
		{24D04101-76FD-48F5-93E1-8F17AFF23882}.Debug|Win32.ActiveCfg = Debug|Any CPU
		{24D04101-76FD-48F5-93E1-8F17AFF23882}.Release|Any CPU.ActiveCfg = Release|Any CPU
		{24D04101-76FD-48F5-93E1-8F17AFF23882}.Release|Any CPU.Build.0 = Release|Any CPU
		{24D04101-76FD-48F5-93E1-8F17AFF23882}.Release|Mixed Platforms.ActiveCfg = Release|Any CPU
		{24D04101-76FD-48F5-93E1-8F17AFF23882}.Release|Win32.ActiveCfg = Release|Any CPU
		{BDD28673-2120-492A-AACB-A0927782B48C}.Debug|Any CPU.ActiveCfg = Debug|Any CPU
		{BDD28673-2120-492A-AACB-A0927782B48C}.Debug|Any CPU.Build.0 = Debug|Any CPU
		{BDD28673-2120-492A-AACB-A0927782B48C}.Debug|Mixed Platforms.ActiveCfg = Debug|Any CPU
		{BDD28673-2120-492A-AACB-A0927782B48C}.Debug|Win32.ActiveCfg = Debug|Any CPU
		{BDD28673-2120-492A-AACB-A0927782B48C}.Release|Any CPU.ActiveCfg = Release|Any CPU
		{BDD28673-2120-492A-AACB-A0927782B48C}.Release|Any CPU.Build.0 = Release|Any CPU
		{BDD28673-2120-492A-AACB-A0927782B48C}.Release|Mixed Platforms.ActiveCfg = Release|Any CPU
		{BDD28673-2120-492A-AACB-A0927782B48C}.Release|Win32.ActiveCfg = Release|Any CPU
		{1D5D92EC-F32A-4814-9DAC-323CEFC78135}.Debug|Any CPU.ActiveCfg = Debug|Any CPU
		{1D5D92EC-F32A-4814-9DAC-323CEFC78135}.Debug|Any CPU.Build.0 = Debug|Any CPU
		{1D5D92EC-F32A-4814-9DAC-323CEFC78135}.Debug|Mixed Platforms.ActiveCfg = Debug|Any CPU
		{1D5D92EC-F32A-4814-9DAC-323CEFC78135}.Debug|Win32.ActiveCfg = Debug|Any CPU
		{1D5D92EC-F32A-4814-9DAC-323CEFC78135}.Release|Any CPU.ActiveCfg = Release|Any CPU
		{1D5D92EC-F32A-4814-9DAC-323CEFC78135}.Release|Any CPU.Build.0 = Release|Any CPU
		{1D5D92EC-F32A-4814-9DAC-323CEFC78135}.Release|Mixed Platforms.ActiveCfg = Release|Any CPU
		{1D5D92EC-F32A-4814-9DAC-323CEFC78135}.Release|Win32.ActiveCfg = Release|Any CPU
		{7B8CD17B-61A7-4847-B9DA-0F41304ADE0B}.Debug|Any CPU.ActiveCfg = Debug|Any CPU
		{7B8CD17B-61A7-4847-B9DA-0F41304ADE0B}.Debug|Any CPU.Build.0 = Debug|Any CPU
		{7B8CD17B-61A7-4847-B9DA-0F41304ADE0B}.Debug|Mixed Platforms.ActiveCfg = Debug|Any CPU
		{7B8CD17B-61A7-4847-B9DA-0F41304ADE0B}.Debug|Win32.ActiveCfg = Debug|Any CPU
		{7B8CD17B-61A7-4847-B9DA-0F41304ADE0B}.Release|Any CPU.ActiveCfg = Release|Any CPU
		{7B8CD17B-61A7-4847-B9DA-0F41304ADE0B}.Release|Any CPU.Build.0 = Release|Any CPU
		{7B8CD17B-61A7-4847-B9DA-0F41304ADE0B}.Release|Mixed Platforms.ActiveCfg = Release|Any CPU
		{7B8CD17B-61A7-4847-B9DA-0F41304ADE0B}.Release|Win32.ActiveCfg = Release|Any CPU
		{FF4502EE-0CC3-4483-94DB-88CCFAB54ACC}.Debug|Any CPU.ActiveCfg = Debug|Any CPU
		{FF4502EE-0CC3-4483-94DB-88CCFAB54ACC}.Debug|Any CPU.Build.0 = Debug|Any CPU
		{FF4502EE-0CC3-4483-94DB-88CCFAB54ACC}.Debug|Mixed Platforms.ActiveCfg = Debug|Any CPU
		{FF4502EE-0CC3-4483-94DB-88CCFAB54ACC}.Debug|Win32.ActiveCfg = Debug|Any CPU
		{FF4502EE-0CC3-4483-94DB-88CCFAB54ACC}.Release|Any CPU.ActiveCfg = Release|Any CPU
		{FF4502EE-0CC3-4483-94DB-88CCFAB54ACC}.Release|Any CPU.Build.0 = Release|Any CPU
		{FF4502EE-0CC3-4483-94DB-88CCFAB54ACC}.Release|Mixed Platforms.ActiveCfg = Release|Any CPU
		{FF4502EE-0CC3-4483-94DB-88CCFAB54ACC}.Release|Win32.ActiveCfg = Release|Any CPU
		{FAF0155C-4794-45B3-93D5-5565DDAAF054}.Debug|Any CPU.ActiveCfg = Debug|Any CPU
		{FAF0155C-4794-45B3-93D5-5565DDAAF054}.Debug|Any CPU.Build.0 = Debug|Any CPU
		{FAF0155C-4794-45B3-93D5-5565DDAAF054}.Debug|Mixed Platforms.ActiveCfg = Debug|Any CPU
		{FAF0155C-4794-45B3-93D5-5565DDAAF054}.Debug|Win32.ActiveCfg = Debug|Any CPU
		{FAF0155C-4794-45B3-93D5-5565DDAAF054}.Release|Any CPU.ActiveCfg = Release|Any CPU
		{FAF0155C-4794-45B3-93D5-5565DDAAF054}.Release|Any CPU.Build.0 = Release|Any CPU
		{FAF0155C-4794-45B3-93D5-5565DDAAF054}.Release|Mixed Platforms.ActiveCfg = Release|Any CPU
		{FAF0155C-4794-45B3-93D5-5565DDAAF054}.Release|Win32.ActiveCfg = Release|Any CPU
		{467FD346-9D54-45B4-92C0-BFCE0A1D8701}.Debug|Any CPU.ActiveCfg = Debug|Any CPU
		{467FD346-9D54-45B4-92C0-BFCE0A1D8701}.Debug|Any CPU.Build.0 = Debug|Any CPU
		{467FD346-9D54-45B4-92C0-BFCE0A1D8701}.Debug|Mixed Platforms.ActiveCfg = Debug|Any CPU
		{467FD346-9D54-45B4-92C0-BFCE0A1D8701}.Debug|Win32.ActiveCfg = Debug|Any CPU
		{467FD346-9D54-45B4-92C0-BFCE0A1D8701}.Release|Any CPU.ActiveCfg = Release|Any CPU
		{467FD346-9D54-45B4-92C0-BFCE0A1D8701}.Release|Any CPU.Build.0 = Release|Any CPU
		{467FD346-9D54-45B4-92C0-BFCE0A1D8701}.Release|Mixed Platforms.ActiveCfg = Release|Any CPU
		{467FD346-9D54-45B4-92C0-BFCE0A1D8701}.Release|Win32.ActiveCfg = Release|Any CPU
		{1CA27193-1F17-4660-AE34-8BC566328CCE}.Debug|Any CPU.ActiveCfg = Debug|Any CPU
		{1CA27193-1F17-4660-AE34-8BC566328CCE}.Debug|Any CPU.Build.0 = Debug|Any CPU
		{1CA27193-1F17-4660-AE34-8BC566328CCE}.Debug|Mixed Platforms.ActiveCfg = Debug|Any CPU
		{1CA27193-1F17-4660-AE34-8BC566328CCE}.Debug|Win32.ActiveCfg = Debug|Any CPU
		{1CA27193-1F17-4660-AE34-8BC566328CCE}.Release|Any CPU.ActiveCfg = Release|Any CPU
		{1CA27193-1F17-4660-AE34-8BC566328CCE}.Release|Any CPU.Build.0 = Release|Any CPU
		{1CA27193-1F17-4660-AE34-8BC566328CCE}.Release|Mixed Platforms.ActiveCfg = Release|Any CPU
		{1CA27193-1F17-4660-AE34-8BC566328CCE}.Release|Win32.ActiveCfg = Release|Any CPU
		{A4496565-29BB-47E3-9F70-789281E12AF7}.Debug|Any CPU.ActiveCfg = Debug|Any CPU
		{A4496565-29BB-47E3-9F70-789281E12AF7}.Debug|Any CPU.Build.0 = Debug|Any CPU
		{A4496565-29BB-47E3-9F70-789281E12AF7}.Debug|Mixed Platforms.ActiveCfg = Debug|Any CPU
		{A4496565-29BB-47E3-9F70-789281E12AF7}.Debug|Win32.ActiveCfg = Debug|Any CPU
		{A4496565-29BB-47E3-9F70-789281E12AF7}.Release|Any CPU.ActiveCfg = Release|Any CPU
		{A4496565-29BB-47E3-9F70-789281E12AF7}.Release|Any CPU.Build.0 = Release|Any CPU
		{A4496565-29BB-47E3-9F70-789281E12AF7}.Release|Mixed Platforms.ActiveCfg = Release|Any CPU
		{A4496565-29BB-47E3-9F70-789281E12AF7}.Release|Win32.ActiveCfg = Release|Any CPU
		{C1BE7A48-01C5-4B0C-8F43-4ECCCD82693B}.Debug|Any CPU.ActiveCfg = Debug|Any CPU
		{C1BE7A48-01C5-4B0C-8F43-4ECCCD82693B}.Debug|Any CPU.Build.0 = Debug|Any CPU
		{C1BE7A48-01C5-4B0C-8F43-4ECCCD82693B}.Debug|Mixed Platforms.ActiveCfg = Debug|Any CPU
		{C1BE7A48-01C5-4B0C-8F43-4ECCCD82693B}.Debug|Win32.ActiveCfg = Debug|Any CPU
		{C1BE7A48-01C5-4B0C-8F43-4ECCCD82693B}.Release|Any CPU.ActiveCfg = Release|Any CPU
		{C1BE7A48-01C5-4B0C-8F43-4ECCCD82693B}.Release|Any CPU.Build.0 = Release|Any CPU
		{C1BE7A48-01C5-4B0C-8F43-4ECCCD82693B}.Release|Mixed Platforms.ActiveCfg = Release|Any CPU
		{C1BE7A48-01C5-4B0C-8F43-4ECCCD82693B}.Release|Win32.ActiveCfg = Release|Any CPU
		{7CA2F79F-15BF-47C2-9B1C-669129D9C8C1}.Debug|Any CPU.ActiveCfg = Debug|Any CPU
		{7CA2F79F-15BF-47C2-9B1C-669129D9C8C1}.Debug|Any CPU.Build.0 = Debug|Any CPU
		{7CA2F79F-15BF-47C2-9B1C-669129D9C8C1}.Debug|Mixed Platforms.ActiveCfg = Debug|Any CPU
		{7CA2F79F-15BF-47C2-9B1C-669129D9C8C1}.Debug|Win32.ActiveCfg = Debug|Any CPU
		{7CA2F79F-15BF-47C2-9B1C-669129D9C8C1}.Release|Any CPU.ActiveCfg = Release|Any CPU
		{7CA2F79F-15BF-47C2-9B1C-669129D9C8C1}.Release|Any CPU.Build.0 = Release|Any CPU
		{7CA2F79F-15BF-47C2-9B1C-669129D9C8C1}.Release|Mixed Platforms.ActiveCfg = Release|Any CPU
		{7CA2F79F-15BF-47C2-9B1C-669129D9C8C1}.Release|Win32.ActiveCfg = Release|Any CPU
		{F21E333B-3366-47FE-94AB-7DFA339A29DC}.Debug|Any CPU.ActiveCfg = Debug|Any CPU
		{F21E333B-3366-47FE-94AB-7DFA339A29DC}.Debug|Any CPU.Build.0 = Debug|Any CPU
		{F21E333B-3366-47FE-94AB-7DFA339A29DC}.Debug|Mixed Platforms.ActiveCfg = Debug|Any CPU
		{F21E333B-3366-47FE-94AB-7DFA339A29DC}.Debug|Win32.ActiveCfg = Debug|Any CPU
		{F21E333B-3366-47FE-94AB-7DFA339A29DC}.Release|Any CPU.ActiveCfg = Release|Any CPU
		{F21E333B-3366-47FE-94AB-7DFA339A29DC}.Release|Any CPU.Build.0 = Release|Any CPU
		{F21E333B-3366-47FE-94AB-7DFA339A29DC}.Release|Mixed Platforms.ActiveCfg = Release|Any CPU
		{F21E333B-3366-47FE-94AB-7DFA339A29DC}.Release|Win32.ActiveCfg = Release|Any CPU
		{93D80FF7-09F2-4B69-B9BC-DE3721AD3888}.Debug|Any CPU.ActiveCfg = Debug|Any CPU
		{93D80FF7-09F2-4B69-B9BC-DE3721AD3888}.Debug|Any CPU.Build.0 = Debug|Any CPU
		{93D80FF7-09F2-4B69-B9BC-DE3721AD3888}.Debug|Mixed Platforms.ActiveCfg = Debug|Any CPU
		{93D80FF7-09F2-4B69-B9BC-DE3721AD3888}.Debug|Win32.ActiveCfg = Debug|Any CPU
		{93D80FF7-09F2-4B69-B9BC-DE3721AD3888}.Release|Any CPU.ActiveCfg = Release|Any CPU
		{93D80FF7-09F2-4B69-B9BC-DE3721AD3888}.Release|Any CPU.Build.0 = Release|Any CPU
		{93D80FF7-09F2-4B69-B9BC-DE3721AD3888}.Release|Mixed Platforms.ActiveCfg = Release|Any CPU
		{93D80FF7-09F2-4B69-B9BC-DE3721AD3888}.Release|Win32.ActiveCfg = Release|Any CPU
		{AB6870DE-04E6-404A-AD97-768469E842CB}.Debug|Any CPU.ActiveCfg = Debug|Any CPU
		{AB6870DE-04E6-404A-AD97-768469E842CB}.Debug|Any CPU.Build.0 = Debug|Any CPU
		{AB6870DE-04E6-404A-AD97-768469E842CB}.Debug|Mixed Platforms.ActiveCfg = Debug|Any CPU
		{AB6870DE-04E6-404A-AD97-768469E842CB}.Debug|Win32.ActiveCfg = Debug|Any CPU
		{AB6870DE-04E6-404A-AD97-768469E842CB}.Release|Any CPU.ActiveCfg = Release|Any CPU
		{AB6870DE-04E6-404A-AD97-768469E842CB}.Release|Any CPU.Build.0 = Release|Any CPU
		{AB6870DE-04E6-404A-AD97-768469E842CB}.Release|Mixed Platforms.ActiveCfg = Release|Any CPU
		{AB6870DE-04E6-404A-AD97-768469E842CB}.Release|Win32.ActiveCfg = Release|Any CPU
		{23958AA0-BCB5-4BB2-AB9A-BA98637ACDA3}.Debug|Any CPU.ActiveCfg = Debug|Any CPU
		{23958AA0-BCB5-4BB2-AB9A-BA98637ACDA3}.Debug|Any CPU.Build.0 = Debug|Any CPU
		{23958AA0-BCB5-4BB2-AB9A-BA98637ACDA3}.Debug|Mixed Platforms.ActiveCfg = Debug|Any CPU
		{23958AA0-BCB5-4BB2-AB9A-BA98637ACDA3}.Debug|Win32.ActiveCfg = Debug|Any CPU
		{23958AA0-BCB5-4BB2-AB9A-BA98637ACDA3}.Release|Any CPU.ActiveCfg = Release|Any CPU
		{23958AA0-BCB5-4BB2-AB9A-BA98637ACDA3}.Release|Any CPU.Build.0 = Release|Any CPU
		{23958AA0-BCB5-4BB2-AB9A-BA98637ACDA3}.Release|Mixed Platforms.ActiveCfg = Release|Any CPU
		{23958AA0-BCB5-4BB2-AB9A-BA98637ACDA3}.Release|Win32.ActiveCfg = Release|Any CPU
		{17F64277-3B25-4D75-AB8D-C7191C2B5F9F}.Debug|Any CPU.ActiveCfg = Debug|Any CPU
		{17F64277-3B25-4D75-AB8D-C7191C2B5F9F}.Debug|Any CPU.Build.0 = Debug|Any CPU
		{17F64277-3B25-4D75-AB8D-C7191C2B5F9F}.Debug|Mixed Platforms.ActiveCfg = Debug|Any CPU
		{17F64277-3B25-4D75-AB8D-C7191C2B5F9F}.Debug|Win32.ActiveCfg = Debug|Any CPU
		{17F64277-3B25-4D75-AB8D-C7191C2B5F9F}.Release|Any CPU.ActiveCfg = Release|Any CPU
		{17F64277-3B25-4D75-AB8D-C7191C2B5F9F}.Release|Any CPU.Build.0 = Release|Any CPU
		{17F64277-3B25-4D75-AB8D-C7191C2B5F9F}.Release|Mixed Platforms.ActiveCfg = Release|Any CPU
		{17F64277-3B25-4D75-AB8D-C7191C2B5F9F}.Release|Win32.ActiveCfg = Release|Any CPU
		{23972EA2-0E71-4467-9B7B-DC756CEB2E19}.Debug|Any CPU.ActiveCfg = Debug|Any CPU
		{23972EA2-0E71-4467-9B7B-DC756CEB2E19}.Debug|Any CPU.Build.0 = Debug|Any CPU
		{23972EA2-0E71-4467-9B7B-DC756CEB2E19}.Debug|Mixed Platforms.ActiveCfg = Debug|Any CPU
		{23972EA2-0E71-4467-9B7B-DC756CEB2E19}.Debug|Win32.ActiveCfg = Debug|Any CPU
		{23972EA2-0E71-4467-9B7B-DC756CEB2E19}.Release|Any CPU.ActiveCfg = Release|Any CPU
		{23972EA2-0E71-4467-9B7B-DC756CEB2E19}.Release|Any CPU.Build.0 = Release|Any CPU
		{23972EA2-0E71-4467-9B7B-DC756CEB2E19}.Release|Mixed Platforms.ActiveCfg = Release|Any CPU
		{23972EA2-0E71-4467-9B7B-DC756CEB2E19}.Release|Win32.ActiveCfg = Release|Any CPU
		{0184295D-E828-4D07-A51E-524FD1ABAEB0}.Debug|Any CPU.ActiveCfg = Debug|Any CPU
		{0184295D-E828-4D07-A51E-524FD1ABAEB0}.Debug|Any CPU.Build.0 = Debug|Any CPU
		{0184295D-E828-4D07-A51E-524FD1ABAEB0}.Debug|Mixed Platforms.ActiveCfg = Debug|Any CPU
		{0184295D-E828-4D07-A51E-524FD1ABAEB0}.Debug|Win32.ActiveCfg = Debug|Any CPU
		{0184295D-E828-4D07-A51E-524FD1ABAEB0}.Release|Any CPU.ActiveCfg = Release|Any CPU
		{0184295D-E828-4D07-A51E-524FD1ABAEB0}.Release|Any CPU.Build.0 = Release|Any CPU
		{0184295D-E828-4D07-A51E-524FD1ABAEB0}.Release|Mixed Platforms.ActiveCfg = Release|Any CPU
		{0184295D-E828-4D07-A51E-524FD1ABAEB0}.Release|Win32.ActiveCfg = Release|Any CPU
		{D05E1668-301A-47AB-ACB8-1AD78D0D5283}.Debug|Any CPU.ActiveCfg = Debug|Any CPU
		{D05E1668-301A-47AB-ACB8-1AD78D0D5283}.Debug|Any CPU.Build.0 = Debug|Any CPU
		{D05E1668-301A-47AB-ACB8-1AD78D0D5283}.Debug|Mixed Platforms.ActiveCfg = Debug|Any CPU
		{D05E1668-301A-47AB-ACB8-1AD78D0D5283}.Debug|Win32.ActiveCfg = Debug|Any CPU
		{D05E1668-301A-47AB-ACB8-1AD78D0D5283}.Release|Any CPU.ActiveCfg = Release|Any CPU
		{D05E1668-301A-47AB-ACB8-1AD78D0D5283}.Release|Any CPU.Build.0 = Release|Any CPU
		{D05E1668-301A-47AB-ACB8-1AD78D0D5283}.Release|Mixed Platforms.ActiveCfg = Release|Any CPU
		{D05E1668-301A-47AB-ACB8-1AD78D0D5283}.Release|Win32.ActiveCfg = Release|Any CPU
		{D6713E54-5DCB-4865-B460-05FCC1114A3A}.Debug|Any CPU.ActiveCfg = Debug|Any CPU
		{D6713E54-5DCB-4865-B460-05FCC1114A3A}.Debug|Any CPU.Build.0 = Debug|Any CPU
		{D6713E54-5DCB-4865-B460-05FCC1114A3A}.Debug|Mixed Platforms.ActiveCfg = Debug|Any CPU
		{D6713E54-5DCB-4865-B460-05FCC1114A3A}.Debug|Win32.ActiveCfg = Debug|Any CPU
		{D6713E54-5DCB-4865-B460-05FCC1114A3A}.Release|Any CPU.ActiveCfg = Release|Any CPU
		{D6713E54-5DCB-4865-B460-05FCC1114A3A}.Release|Any CPU.Build.0 = Release|Any CPU
		{D6713E54-5DCB-4865-B460-05FCC1114A3A}.Release|Mixed Platforms.ActiveCfg = Release|Any CPU
		{D6713E54-5DCB-4865-B460-05FCC1114A3A}.Release|Win32.ActiveCfg = Release|Any CPU
		{09CA582B-9EB5-4C8D-8BA6-E8A82CFA325E}.Debug|Any CPU.ActiveCfg = Debug|Any CPU
		{09CA582B-9EB5-4C8D-8BA6-E8A82CFA325E}.Debug|Any CPU.Build.0 = Debug|Any CPU
		{09CA582B-9EB5-4C8D-8BA6-E8A82CFA325E}.Debug|Mixed Platforms.ActiveCfg = Debug|Any CPU
		{09CA582B-9EB5-4C8D-8BA6-E8A82CFA325E}.Debug|Win32.ActiveCfg = Debug|Any CPU
		{09CA582B-9EB5-4C8D-8BA6-E8A82CFA325E}.Release|Any CPU.ActiveCfg = Release|Any CPU
		{09CA582B-9EB5-4C8D-8BA6-E8A82CFA325E}.Release|Any CPU.Build.0 = Release|Any CPU
		{09CA582B-9EB5-4C8D-8BA6-E8A82CFA325E}.Release|Mixed Platforms.ActiveCfg = Release|Any CPU
		{09CA582B-9EB5-4C8D-8BA6-E8A82CFA325E}.Release|Win32.ActiveCfg = Release|Any CPU
		{C242D59E-99D8-462D-8C73-B0786DD0E9F8}.Debug|Any CPU.ActiveCfg = Debug|Any CPU
		{C242D59E-99D8-462D-8C73-B0786DD0E9F8}.Debug|Any CPU.Build.0 = Debug|Any CPU
		{C242D59E-99D8-462D-8C73-B0786DD0E9F8}.Debug|Mixed Platforms.ActiveCfg = Debug|Any CPU
		{C242D59E-99D8-462D-8C73-B0786DD0E9F8}.Debug|Win32.ActiveCfg = Debug|Any CPU
		{C242D59E-99D8-462D-8C73-B0786DD0E9F8}.Release|Any CPU.ActiveCfg = Release|Any CPU
		{C242D59E-99D8-462D-8C73-B0786DD0E9F8}.Release|Any CPU.Build.0 = Release|Any CPU
		{C242D59E-99D8-462D-8C73-B0786DD0E9F8}.Release|Mixed Platforms.ActiveCfg = Release|Any CPU
		{C242D59E-99D8-462D-8C73-B0786DD0E9F8}.Release|Win32.ActiveCfg = Release|Any CPU
		{3ADAA8BD-67BC-4298-B85F-ACC3AB08B459}.Debug|Any CPU.ActiveCfg = Debug|Any CPU
		{3ADAA8BD-67BC-4298-B85F-ACC3AB08B459}.Debug|Any CPU.Build.0 = Debug|Any CPU
		{3ADAA8BD-67BC-4298-B85F-ACC3AB08B459}.Debug|Mixed Platforms.ActiveCfg = Debug|Any CPU
		{3ADAA8BD-67BC-4298-B85F-ACC3AB08B459}.Debug|Win32.ActiveCfg = Debug|Any CPU
		{3ADAA8BD-67BC-4298-B85F-ACC3AB08B459}.Release|Any CPU.ActiveCfg = Release|Any CPU
		{3ADAA8BD-67BC-4298-B85F-ACC3AB08B459}.Release|Any CPU.Build.0 = Release|Any CPU
		{3ADAA8BD-67BC-4298-B85F-ACC3AB08B459}.Release|Mixed Platforms.ActiveCfg = Release|Any CPU
		{3ADAA8BD-67BC-4298-B85F-ACC3AB08B459}.Release|Win32.ActiveCfg = Release|Any CPU
		{6A7CA0D9-512E-470E-987E-8D97BB71F6D0}.Debug|Any CPU.ActiveCfg = Debug|Any CPU
		{6A7CA0D9-512E-470E-987E-8D97BB71F6D0}.Debug|Any CPU.Build.0 = Debug|Any CPU
		{6A7CA0D9-512E-470E-987E-8D97BB71F6D0}.Debug|Mixed Platforms.ActiveCfg = Debug|Any CPU
		{6A7CA0D9-512E-470E-987E-8D97BB71F6D0}.Debug|Win32.ActiveCfg = Debug|Any CPU
		{6A7CA0D9-512E-470E-987E-8D97BB71F6D0}.Release|Any CPU.ActiveCfg = Release|Any CPU
		{6A7CA0D9-512E-470E-987E-8D97BB71F6D0}.Release|Any CPU.Build.0 = Release|Any CPU
		{6A7CA0D9-512E-470E-987E-8D97BB71F6D0}.Release|Mixed Platforms.ActiveCfg = Release|Any CPU
		{6A7CA0D9-512E-470E-987E-8D97BB71F6D0}.Release|Win32.ActiveCfg = Release|Any CPU
		{D5BF84E8-04F6-49EF-B78E-55BEB6FBB40C}.Debug|Any CPU.ActiveCfg = Debug|Any CPU
		{D5BF84E8-04F6-49EF-B78E-55BEB6FBB40C}.Debug|Any CPU.Build.0 = Debug|Any CPU
		{D5BF84E8-04F6-49EF-B78E-55BEB6FBB40C}.Debug|Mixed Platforms.ActiveCfg = Debug|Any CPU
		{D5BF84E8-04F6-49EF-B78E-55BEB6FBB40C}.Debug|Win32.ActiveCfg = Debug|Any CPU
		{D5BF84E8-04F6-49EF-B78E-55BEB6FBB40C}.Release|Any CPU.ActiveCfg = Release|Any CPU
		{D5BF84E8-04F6-49EF-B78E-55BEB6FBB40C}.Release|Any CPU.Build.0 = Release|Any CPU
		{D5BF84E8-04F6-49EF-B78E-55BEB6FBB40C}.Release|Mixed Platforms.ActiveCfg = Release|Any CPU
		{D5BF84E8-04F6-49EF-B78E-55BEB6FBB40C}.Release|Win32.ActiveCfg = Release|Any CPU
		{B6397DBC-FFF3-4FE2-92F7-435767484B81}.Debug|Any CPU.ActiveCfg = Debug|Any CPU
		{B6397DBC-FFF3-4FE2-92F7-435767484B81}.Debug|Any CPU.Build.0 = Debug|Any CPU
		{B6397DBC-FFF3-4FE2-92F7-435767484B81}.Debug|Mixed Platforms.ActiveCfg = Debug|Any CPU
		{B6397DBC-FFF3-4FE2-92F7-435767484B81}.Debug|Win32.ActiveCfg = Debug|Any CPU
		{B6397DBC-FFF3-4FE2-92F7-435767484B81}.Release|Any CPU.ActiveCfg = Release|Any CPU
		{B6397DBC-FFF3-4FE2-92F7-435767484B81}.Release|Any CPU.Build.0 = Release|Any CPU
		{B6397DBC-FFF3-4FE2-92F7-435767484B81}.Release|Mixed Platforms.ActiveCfg = Release|Any CPU
		{B6397DBC-FFF3-4FE2-92F7-435767484B81}.Release|Win32.ActiveCfg = Release|Any CPU
		{36047A1F-0C1C-497F-90D3-D5F0C220CF37}.Debug|Any CPU.ActiveCfg = Debug|Any CPU
		{36047A1F-0C1C-497F-90D3-D5F0C220CF37}.Debug|Any CPU.Build.0 = Debug|Any CPU
		{36047A1F-0C1C-497F-90D3-D5F0C220CF37}.Debug|Mixed Platforms.ActiveCfg = Debug|Any CPU
		{36047A1F-0C1C-497F-90D3-D5F0C220CF37}.Debug|Win32.ActiveCfg = Debug|Any CPU
		{36047A1F-0C1C-497F-90D3-D5F0C220CF37}.Release|Any CPU.ActiveCfg = Release|Any CPU
		{36047A1F-0C1C-497F-90D3-D5F0C220CF37}.Release|Any CPU.Build.0 = Release|Any CPU
		{36047A1F-0C1C-497F-90D3-D5F0C220CF37}.Release|Mixed Platforms.ActiveCfg = Release|Any CPU
		{36047A1F-0C1C-497F-90D3-D5F0C220CF37}.Release|Win32.ActiveCfg = Release|Any CPU
		{8C5DE667-DC8F-46F6-B682-5A6725BC3B18}.Debug|Any CPU.ActiveCfg = Debug|Any CPU
		{8C5DE667-DC8F-46F6-B682-5A6725BC3B18}.Debug|Any CPU.Build.0 = Debug|Any CPU
		{8C5DE667-DC8F-46F6-B682-5A6725BC3B18}.Debug|Mixed Platforms.ActiveCfg = Debug|Any CPU
		{8C5DE667-DC8F-46F6-B682-5A6725BC3B18}.Debug|Win32.ActiveCfg = Debug|Any CPU
		{8C5DE667-DC8F-46F6-B682-5A6725BC3B18}.Release|Any CPU.ActiveCfg = Release|Any CPU
		{8C5DE667-DC8F-46F6-B682-5A6725BC3B18}.Release|Any CPU.Build.0 = Release|Any CPU
		{8C5DE667-DC8F-46F6-B682-5A6725BC3B18}.Release|Mixed Platforms.ActiveCfg = Release|Any CPU
		{8C5DE667-DC8F-46F6-B682-5A6725BC3B18}.Release|Win32.ActiveCfg = Release|Any CPU
		{7015CD5F-FBD4-495C-B469-47B95C1984B4}.Debug|Any CPU.ActiveCfg = Debug|Any CPU
		{7015CD5F-FBD4-495C-B469-47B95C1984B4}.Debug|Any CPU.Build.0 = Debug|Any CPU
		{7015CD5F-FBD4-495C-B469-47B95C1984B4}.Debug|Mixed Platforms.ActiveCfg = Debug|Any CPU
		{7015CD5F-FBD4-495C-B469-47B95C1984B4}.Debug|Win32.ActiveCfg = Debug|Any CPU
		{7015CD5F-FBD4-495C-B469-47B95C1984B4}.Release|Any CPU.ActiveCfg = Release|Any CPU
		{7015CD5F-FBD4-495C-B469-47B95C1984B4}.Release|Any CPU.Build.0 = Release|Any CPU
		{7015CD5F-FBD4-495C-B469-47B95C1984B4}.Release|Mixed Platforms.ActiveCfg = Release|Any CPU
		{7015CD5F-FBD4-495C-B469-47B95C1984B4}.Release|Win32.ActiveCfg = Release|Any CPU
		{E3849064-6D8C-4EF3-953A-978170878E96}.Debug|Any CPU.ActiveCfg = Debug|Any CPU
		{E3849064-6D8C-4EF3-953A-978170878E96}.Debug|Mixed Platforms.ActiveCfg = Debug|Any CPU
		{E3849064-6D8C-4EF3-953A-978170878E96}.Debug|Win32.ActiveCfg = Debug|Any CPU
		{E3849064-6D8C-4EF3-953A-978170878E96}.Release|Any CPU.ActiveCfg = Release|Any CPU
		{E3849064-6D8C-4EF3-953A-978170878E96}.Release|Mixed Platforms.ActiveCfg = Release|Any CPU
		{E3849064-6D8C-4EF3-953A-978170878E96}.Release|Win32.ActiveCfg = Release|Any CPU
		{2213AC27-C2EC-4A9F-8999-17E78A2311FC}.Debug|Any CPU.ActiveCfg = Debug|Win32
		{2213AC27-C2EC-4A9F-8999-17E78A2311FC}.Debug|Mixed Platforms.ActiveCfg = Debug|Win32
		{2213AC27-C2EC-4A9F-8999-17E78A2311FC}.Debug|Mixed Platforms.Build.0 = Debug|Win32
		{2213AC27-C2EC-4A9F-8999-17E78A2311FC}.Debug|Win32.ActiveCfg = Debug|Win32
		{2213AC27-C2EC-4A9F-8999-17E78A2311FC}.Debug|Win32.Build.0 = Debug|Win32
		{2213AC27-C2EC-4A9F-8999-17E78A2311FC}.Release|Any CPU.ActiveCfg = Release|Win32
		{2213AC27-C2EC-4A9F-8999-17E78A2311FC}.Release|Mixed Platforms.ActiveCfg = Release|Win32
		{2213AC27-C2EC-4A9F-8999-17E78A2311FC}.Release|Mixed Platforms.Build.0 = Release|Win32
		{2213AC27-C2EC-4A9F-8999-17E78A2311FC}.Release|Win32.ActiveCfg = Release|Win32
		{2213AC27-C2EC-4A9F-8999-17E78A2311FC}.Release|Win32.Build.0 = Release|Win32
		{753D53DB-BB67-47FD-B619-C533C0668116}.Debug|Any CPU.ActiveCfg = Debug|Any CPU
		{753D53DB-BB67-47FD-B619-C533C0668116}.Debug|Any CPU.Build.0 = Debug|Any CPU
		{753D53DB-BB67-47FD-B619-C533C0668116}.Debug|Mixed Platforms.ActiveCfg = Debug|Any CPU
		{753D53DB-BB67-47FD-B619-C533C0668116}.Debug|Mixed Platforms.Build.0 = Debug|Any CPU
		{753D53DB-BB67-47FD-B619-C533C0668116}.Debug|Win32.ActiveCfg = Debug|Any CPU
		{753D53DB-BB67-47FD-B619-C533C0668116}.Debug|Win32.Build.0 = Debug|Any CPU
		{753D53DB-BB67-47FD-B619-C533C0668116}.Release|Any CPU.ActiveCfg = Release|Any CPU
		{753D53DB-BB67-47FD-B619-C533C0668116}.Release|Any CPU.Build.0 = Release|Any CPU
		{753D53DB-BB67-47FD-B619-C533C0668116}.Release|Mixed Platforms.ActiveCfg = Release|Any CPU
		{753D53DB-BB67-47FD-B619-C533C0668116}.Release|Mixed Platforms.Build.0 = Release|Any CPU
		{753D53DB-BB67-47FD-B619-C533C0668116}.Release|Win32.ActiveCfg = Release|Any CPU
		{753D53DB-BB67-47FD-B619-C533C0668116}.Release|Win32.Build.0 = Release|Any CPU
	EndGlobalSection
	GlobalSection(SolutionProperties) = preSolution
		HideSolutionNode = FALSE
	EndGlobalSection
EndGlobal
